
Microsoft Visual Studio Solution File, Format Version 12.00
# Visual Studio Version 17
VisualStudioVersion = 17.4.33403.182
MinimumVisualStudioVersion = 10.0.40219.1
Project("{9A19103F-16F7-4668-BE54-9A1E7A4F7556}") = "FiniteFields", "FiniteFieldsMain\FiniteFields.csproj", "{C69D8777-C471-4A98-895F-DF49C51865E1}"
EndProject
Project("{9A19103F-16F7-4668-BE54-9A1E7A4F7556}") = "Tests", "Tests\Tests.csproj", "{040F4AB2-2243-4D5E-8BFF-5E7E47F2279E}"
EndProject
Global
	GlobalSection(SolutionConfigurationPlatforms) = preSolution
		Debug|Any CPU = Debug|Any CPU
		Release|Any CPU = Release|Any CPU
	EndGlobalSection
	GlobalSection(ProjectConfigurationPlatforms) = postSolution
		{C69D8777-C471-4A98-895F-DF49C51865E1}.Debug|Any CPU.ActiveCfg = Debug|Any CPU
		{C69D8777-C471-4A98-895F-DF49C51865E1}.Debug|Any CPU.Build.0 = Debug|Any CPU
		{C69D8777-C471-4A98-895F-DF49C51865E1}.Release|Any CPU.ActiveCfg = Release|Any CPU
		{C69D8777-C471-4A98-895F-DF49C51865E1}.Release|Any CPU.Build.0 = Release|Any CPU
		{040F4AB2-2243-4D5E-8BFF-5E7E47F2279E}.Debug|Any CPU.ActiveCfg = Debug|Any CPU
		{040F4AB2-2243-4D5E-8BFF-5E7E47F2279E}.Debug|Any CPU.Build.0 = Debug|Any CPU
		{040F4AB2-2243-4D5E-8BFF-5E7E47F2279E}.Release|Any CPU.ActiveCfg = Release|Any CPU
		{040F4AB2-2243-4D5E-8BFF-5E7E47F2279E}.Release|Any CPU.Build.0 = Release|Any CPU
	EndGlobalSection
	GlobalSection(SolutionProperties) = preSolution
		HideSolutionNode = FALSE
	EndGlobalSection
	GlobalSection(ExtensibilityGlobals) = postSolution
		SolutionGuid = {4A19E0A1-D01B-4A61-8BEA-387532B05AA0}
	EndGlobalSection
EndGlobal
